
Microsoft Visual Studio Solution File, Format Version 12.00
# Visual Studio 15
VisualStudioVersion = 15.0.27703.2026
MinimumVisualStudioVersion = 10.0.40219.1
Project("{9A19103F-16F7-4668-BE54-9A1E7A4F7556}") = "TEST2", "TEST2\TEST2.csproj", "{5AF030D6-8DB7-45F8-B199-D928645EA405}"
EndProject
Project("{FAE04EC0-301F-11D3-BF4B-00C04F79EFBC}") = "Calculator", "Calculator\Calculator.csproj", "{963660B0-5434-4C12-B6CF-6D6C4CD17409}"
EndProject
Global
	GlobalSection(SolutionConfigurationPlatforms) = preSolution
		Debug|Any CPU = Debug|Any CPU
		Release|Any CPU = Release|Any CPU
	EndGlobalSection
	GlobalSection(ProjectConfigurationPlatforms) = postSolution
		{5AF030D6-8DB7-45F8-B199-D928645EA405}.Debug|Any CPU.ActiveCfg = Debug|Any CPU
		{5AF030D6-8DB7-45F8-B199-D928645EA405}.Debug|Any CPU.Build.0 = Debug|Any CPU
		{5AF030D6-8DB7-45F8-B199-D928645EA405}.Release|Any CPU.ActiveCfg = Release|Any CPU
		{5AF030D6-8DB7-45F8-B199-D928645EA405}.Release|Any CPU.Build.0 = Release|Any CPU
		{963660B0-5434-4C12-B6CF-6D6C4CD17409}.Debug|Any CPU.ActiveCfg = Debug|Any CPU
		{963660B0-5434-4C12-B6CF-6D6C4CD17409}.Debug|Any CPU.Build.0 = Debug|Any CPU
		{963660B0-5434-4C12-B6CF-6D6C4CD17409}.Release|Any CPU.ActiveCfg = Release|Any CPU
		{963660B0-5434-4C12-B6CF-6D6C4CD17409}.Release|Any CPU.Build.0 = Release|Any CPU
	EndGlobalSection
	GlobalSection(SolutionProperties) = preSolution
		HideSolutionNode = FALSE
	EndGlobalSection
	GlobalSection(ExtensibilityGlobals) = postSolution
		SolutionGuid = {734892B5-34B0-47C7-8CBA-AB584527A12B}
	EndGlobalSection
EndGlobal
